
Microsoft Visual Studio Solution File, Format Version 12.00
# Visual Studio 15
VisualStudioVersion = 15.0.26124.0
MinimumVisualStudioVersion = 15.0.26124.0
Project("{FAE04EC0-301F-11D3-BF4B-00C04F79EFBC}") = "core", "core\core.csproj", "{2DAA72E3-9835-414D-AFDB-9221576EE409}"
EndProject
Project("{2150E333-8FDC-42A3-9474-1A3956D46DE8}") = "plugins", "plugins", "{A62A1960-90DF-4F14-BA5C-270ACD453E02}"
EndProject
Project("{FAE04EC0-301F-11D3-BF4B-00C04F79EFBC}") = "credentials", "plugins\credentials\credentials.csproj", "{13BCE091-56A3-469C-95A6-2ADA35B87DBE}"
EndProject
Project("{FAE04EC0-301F-11D3-BF4B-00C04F79EFBC}") = "node", "node\node.csproj", "{17382770-C4D2-440E-9947-330A919EE44E}"
EndProject
Project("{FAE04EC0-301F-11D3-BF4B-00C04F79EFBC}") = "AspireHost", "AspireHost\AspireHost.csproj", "{58EAD726-FF65-4056-ADCA-09AA5A18BCCD}"
EndProject
Project("{FAE04EC0-301F-11D3-BF4B-00C04F79EFBC}") = "ServiceDefaults", "ServiceDefaults\ServiceDefaults.csproj", "{E15AD574-FA66-4D9D-B790-292946AB82CF}"
EndProject
Project("{FAE04EC0-301F-11D3-BF4B-00C04F79EFBC}") = "storage", "storage\storage.csproj", "{2423EA01-42DE-43BE-A47A-F5B811665DCE}"
EndProject
Project("{FAE04EC0-301F-11D3-BF4B-00C04F79EFBC}") = "tests", "tests\tests.csproj", "{6435AF5C-49BF-4C8C-BC04-DCA992213364}"
EndProject
Global
	GlobalSection(SolutionConfigurationPlatforms) = preSolution
		Debug|Any CPU = Debug|Any CPU
		Debug|x64 = Debug|x64
		Debug|x86 = Debug|x86
		Release|Any CPU = Release|Any CPU
		Release|x64 = Release|x64
		Release|x86 = Release|x86
	EndGlobalSection
	GlobalSection(ProjectConfigurationPlatforms) = postSolution
		{2DAA72E3-9835-414D-AFDB-9221576EE409}.Debug|Any CPU.ActiveCfg = Debug|Any CPU
		{2DAA72E3-9835-414D-AFDB-9221576EE409}.Debug|Any CPU.Build.0 = Debug|Any CPU
		{2DAA72E3-9835-414D-AFDB-9221576EE409}.Debug|x64.ActiveCfg = Debug|Any CPU
		{2DAA72E3-9835-414D-AFDB-9221576EE409}.Debug|x64.Build.0 = Debug|Any CPU
		{2DAA72E3-9835-414D-AFDB-9221576EE409}.Debug|x86.ActiveCfg = Debug|Any CPU
		{2DAA72E3-9835-414D-AFDB-9221576EE409}.Debug|x86.Build.0 = Debug|Any CPU
		{2DAA72E3-9835-414D-AFDB-9221576EE409}.Release|Any CPU.ActiveCfg = Release|Any CPU
		{2DAA72E3-9835-414D-AFDB-9221576EE409}.Release|Any CPU.Build.0 = Release|Any CPU
		{2DAA72E3-9835-414D-AFDB-9221576EE409}.Release|x64.ActiveCfg = Release|Any CPU
		{2DAA72E3-9835-414D-AFDB-9221576EE409}.Release|x64.Build.0 = Release|Any CPU
		{2DAA72E3-9835-414D-AFDB-9221576EE409}.Release|x86.ActiveCfg = Release|Any CPU
		{2DAA72E3-9835-414D-AFDB-9221576EE409}.Release|x86.Build.0 = Release|Any CPU
		{13BCE091-56A3-469C-95A6-2ADA35B87DBE}.Debug|Any CPU.ActiveCfg = Debug|Any CPU
		{13BCE091-56A3-469C-95A6-2ADA35B87DBE}.Debug|Any CPU.Build.0 = Debug|Any CPU
		{13BCE091-56A3-469C-95A6-2ADA35B87DBE}.Debug|x64.ActiveCfg = Debug|Any CPU
		{13BCE091-56A3-469C-95A6-2ADA35B87DBE}.Debug|x64.Build.0 = Debug|Any CPU
		{13BCE091-56A3-469C-95A6-2ADA35B87DBE}.Debug|x86.ActiveCfg = Debug|Any CPU
		{13BCE091-56A3-469C-95A6-2ADA35B87DBE}.Debug|x86.Build.0 = Debug|Any CPU
		{13BCE091-56A3-469C-95A6-2ADA35B87DBE}.Release|Any CPU.ActiveCfg = Release|Any CPU
		{13BCE091-56A3-469C-95A6-2ADA35B87DBE}.Release|Any CPU.Build.0 = Release|Any CPU
		{13BCE091-56A3-469C-95A6-2ADA35B87DBE}.Release|x64.ActiveCfg = Release|Any CPU
		{13BCE091-56A3-469C-95A6-2ADA35B87DBE}.Release|x64.Build.0 = Release|Any CPU
		{13BCE091-56A3-469C-95A6-2ADA35B87DBE}.Release|x86.ActiveCfg = Release|Any CPU
		{13BCE091-56A3-469C-95A6-2ADA35B87DBE}.Release|x86.Build.0 = Release|Any CPU
		{17382770-C4D2-440E-9947-330A919EE44E}.Debug|Any CPU.ActiveCfg = Debug|Any CPU
		{17382770-C4D2-440E-9947-330A919EE44E}.Debug|Any CPU.Build.0 = Debug|Any CPU
		{17382770-C4D2-440E-9947-330A919EE44E}.Debug|x64.ActiveCfg = Debug|Any CPU
		{17382770-C4D2-440E-9947-330A919EE44E}.Debug|x64.Build.0 = Debug|Any CPU
		{17382770-C4D2-440E-9947-330A919EE44E}.Debug|x86.ActiveCfg = Debug|Any CPU
		{17382770-C4D2-440E-9947-330A919EE44E}.Debug|x86.Build.0 = Debug|Any CPU
		{17382770-C4D2-440E-9947-330A919EE44E}.Release|Any CPU.ActiveCfg = Release|Any CPU
		{17382770-C4D2-440E-9947-330A919EE44E}.Release|Any CPU.Build.0 = Release|Any CPU
		{17382770-C4D2-440E-9947-330A919EE44E}.Release|x64.ActiveCfg = Release|Any CPU
		{17382770-C4D2-440E-9947-330A919EE44E}.Release|x64.Build.0 = Release|Any CPU
		{17382770-C4D2-440E-9947-330A919EE44E}.Release|x86.ActiveCfg = Release|Any CPU
		{17382770-C4D2-440E-9947-330A919EE44E}.Release|x86.Build.0 = Release|Any CPU
		{58EAD726-FF65-4056-ADCA-09AA5A18BCCD}.Debug|Any CPU.ActiveCfg = Debug|Any CPU
		{58EAD726-FF65-4056-ADCA-09AA5A18BCCD}.Debug|Any CPU.Build.0 = Debug|Any CPU
		{58EAD726-FF65-4056-ADCA-09AA5A18BCCD}.Debug|x64.ActiveCfg = Debug|Any CPU
		{58EAD726-FF65-4056-ADCA-09AA5A18BCCD}.Debug|x64.Build.0 = Debug|Any CPU
		{58EAD726-FF65-4056-ADCA-09AA5A18BCCD}.Debug|x86.ActiveCfg = Debug|Any CPU
		{58EAD726-FF65-4056-ADCA-09AA5A18BCCD}.Debug|x86.Build.0 = Debug|Any CPU
		{58EAD726-FF65-4056-ADCA-09AA5A18BCCD}.Release|Any CPU.ActiveCfg = Release|Any CPU
		{58EAD726-FF65-4056-ADCA-09AA5A18BCCD}.Release|Any CPU.Build.0 = Release|Any CPU
		{58EAD726-FF65-4056-ADCA-09AA5A18BCCD}.Release|x64.ActiveCfg = Release|Any CPU
		{58EAD726-FF65-4056-ADCA-09AA5A18BCCD}.Release|x64.Build.0 = Release|Any CPU
		{58EAD726-FF65-4056-ADCA-09AA5A18BCCD}.Release|x86.ActiveCfg = Release|Any CPU
		{58EAD726-FF65-4056-ADCA-09AA5A18BCCD}.Release|x86.Build.0 = Release|Any CPU
		{E15AD574-FA66-4D9D-B790-292946AB82CF}.Debug|Any CPU.ActiveCfg = Debug|Any CPU
		{E15AD574-FA66-4D9D-B790-292946AB82CF}.Debug|Any CPU.Build.0 = Debug|Any CPU
		{E15AD574-FA66-4D9D-B790-292946AB82CF}.Debug|x64.ActiveCfg = Debug|Any CPU
		{E15AD574-FA66-4D9D-B790-292946AB82CF}.Debug|x64.Build.0 = Debug|Any CPU
		{E15AD574-FA66-4D9D-B790-292946AB82CF}.Debug|x86.ActiveCfg = Debug|Any CPU
		{E15AD574-FA66-4D9D-B790-292946AB82CF}.Debug|x86.Build.0 = Debug|Any CPU
		{E15AD574-FA66-4D9D-B790-292946AB82CF}.Release|Any CPU.ActiveCfg = Release|Any CPU
		{E15AD574-FA66-4D9D-B790-292946AB82CF}.Release|Any CPU.Build.0 = Release|Any CPU
		{E15AD574-FA66-4D9D-B790-292946AB82CF}.Release|x64.ActiveCfg = Release|Any CPU
		{E15AD574-FA66-4D9D-B790-292946AB82CF}.Release|x64.Build.0 = Release|Any CPU
		{E15AD574-FA66-4D9D-B790-292946AB82CF}.Release|x86.ActiveCfg = Release|Any CPU
		{E15AD574-FA66-4D9D-B790-292946AB82CF}.Release|x86.Build.0 = Release|Any CPU
		{2423EA01-42DE-43BE-A47A-F5B811665DCE}.Debug|Any CPU.ActiveCfg = Debug|Any CPU
		{2423EA01-42DE-43BE-A47A-F5B811665DCE}.Debug|Any CPU.Build.0 = Debug|Any CPU
		{2423EA01-42DE-43BE-A47A-F5B811665DCE}.Debug|x64.ActiveCfg = Debug|Any CPU
		{2423EA01-42DE-43BE-A47A-F5B811665DCE}.Debug|x64.Build.0 = Debug|Any CPU
		{2423EA01-42DE-43BE-A47A-F5B811665DCE}.Debug|x86.ActiveCfg = Debug|Any CPU
		{2423EA01-42DE-43BE-A47A-F5B811665DCE}.Debug|x86.Build.0 = Debug|Any CPU
		{2423EA01-42DE-43BE-A47A-F5B811665DCE}.Release|Any CPU.ActiveCfg = Release|Any CPU
		{2423EA01-42DE-43BE-A47A-F5B811665DCE}.Release|Any CPU.Build.0 = Release|Any CPU
		{2423EA01-42DE-43BE-A47A-F5B811665DCE}.Release|x64.ActiveCfg = Release|Any CPU
		{2423EA01-42DE-43BE-A47A-F5B811665DCE}.Release|x64.Build.0 = Release|Any CPU
		{2423EA01-42DE-43BE-A47A-F5B811665DCE}.Release|x86.ActiveCfg = Release|Any CPU
		{2423EA01-42DE-43BE-A47A-F5B811665DCE}.Release|x86.Build.0 = Release|Any CPU
		{6435AF5C-49BF-4C8C-BC04-DCA992213364}.Debug|Any CPU.ActiveCfg = Debug|Any CPU
		{6435AF5C-49BF-4C8C-BC04-DCA992213364}.Debug|Any CPU.Build.0 = Debug|Any CPU
		{6435AF5C-49BF-4C8C-BC04-DCA992213364}.Debug|x64.ActiveCfg = Debug|Any CPU
		{6435AF5C-49BF-4C8C-BC04-DCA992213364}.Debug|x64.Build.0 = Debug|Any CPU
		{6435AF5C-49BF-4C8C-BC04-DCA992213364}.Debug|x86.ActiveCfg = Debug|Any CPU
		{6435AF5C-49BF-4C8C-BC04-DCA992213364}.Debug|x86.Build.0 = Debug|Any CPU
		{6435AF5C-49BF-4C8C-BC04-DCA992213364}.Release|Any CPU.ActiveCfg = Release|Any CPU
		{6435AF5C-49BF-4C8C-BC04-DCA992213364}.Release|Any CPU.Build.0 = Release|Any CPU
		{6435AF5C-49BF-4C8C-BC04-DCA992213364}.Release|x64.ActiveCfg = Release|Any CPU
		{6435AF5C-49BF-4C8C-BC04-DCA992213364}.Release|x64.Build.0 = Release|Any CPU
		{6435AF5C-49BF-4C8C-BC04-DCA992213364}.Release|x86.ActiveCfg = Release|Any CPU
		{6435AF5C-49BF-4C8C-BC04-DCA992213364}.Release|x86.Build.0 = Release|Any CPU
	EndGlobalSection
	GlobalSection(SolutionProperties) = preSolution
		HideSolutionNode = FALSE
	EndGlobalSection
	GlobalSection(NestedProjects) = preSolution
		{13BCE091-56A3-469C-95A6-2ADA35B87DBE} = {A62A1960-90DF-4F14-BA5C-270ACD453E02}
	EndGlobalSection
EndGlobal
