
Microsoft Visual Studio Solution File, Format Version 12.00
# Visual Studio 15
VisualStudioVersion = 15.0.26124.0
MinimumVisualStudioVersion = 15.0.26124.0
Project("{FAE04EC0-301F-11D3-BF4B-00C04F79EFBC}") = "core", "core\core.csproj", "{2DAA72E3-9835-414D-AFDB-9221576EE409}"
EndProject
Project("{FAE04EC0-301F-11D3-BF4B-00C04F79EFBC}") = "gateway", "gateway\gateway.csproj", "{A0166383-2FA0-4EB6-8580-AC893BD534B0}"
EndProject
Project("{2150E333-8FDC-42A3-9474-1A3956D46DE8}") = "plugins", "plugins", "{A62A1960-90DF-4F14-BA5C-270ACD453E02}"
EndProject
Project("{FAE04EC0-301F-11D3-BF4B-00C04F79EFBC}") = "credentials", "plugins\credentials\credentials.csproj", "{13BCE091-56A3-469C-95A6-2ADA35B87DBE}"
EndProject
Project("{FAE04EC0-301F-11D3-BF4B-00C04F79EFBC}") = "node", "node\node.csproj", "{17382770-C4D2-440E-9947-330A919EE44E}"
EndProject
Global
	GlobalSection(SolutionConfigurationPlatforms) = preSolution
		Debug|Any CPU = Debug|Any CPU
		Debug|x64 = Debug|x64
		Debug|x86 = Debug|x86
		Release|Any CPU = Release|Any CPU
		Release|x64 = Release|x64
		Release|x86 = Release|x86
	EndGlobalSection
	GlobalSection(SolutionProperties) = preSolution
		HideSolutionNode = FALSE
	EndGlobalSection
	GlobalSection(ProjectConfigurationPlatforms) = postSolution
		{2DAA72E3-9835-414D-AFDB-9221576EE409}.Debug|Any CPU.ActiveCfg = Debug|Any CPU
		{2DAA72E3-9835-414D-AFDB-9221576EE409}.Debug|Any CPU.Build.0 = Debug|Any CPU
		{2DAA72E3-9835-414D-AFDB-9221576EE409}.Debug|x64.ActiveCfg = Debug|Any CPU
		{2DAA72E3-9835-414D-AFDB-9221576EE409}.Debug|x64.Build.0 = Debug|Any CPU
		{2DAA72E3-9835-414D-AFDB-9221576EE409}.Debug|x86.ActiveCfg = Debug|Any CPU
		{2DAA72E3-9835-414D-AFDB-9221576EE409}.Debug|x86.Build.0 = Debug|Any CPU
		{2DAA72E3-9835-414D-AFDB-9221576EE409}.Release|Any CPU.ActiveCfg = Release|Any CPU
		{2DAA72E3-9835-414D-AFDB-9221576EE409}.Release|Any CPU.Build.0 = Release|Any CPU
		{2DAA72E3-9835-414D-AFDB-9221576EE409}.Release|x64.ActiveCfg = Release|Any CPU
		{2DAA72E3-9835-414D-AFDB-9221576EE409}.Release|x64.Build.0 = Release|Any CPU
		{2DAA72E3-9835-414D-AFDB-9221576EE409}.Release|x86.ActiveCfg = Release|Any CPU
		{2DAA72E3-9835-414D-AFDB-9221576EE409}.Release|x86.Build.0 = Release|Any CPU
		{505CE4A1-05D1-41A2-81BF-82B594FB339B}.Debug|Any CPU.ActiveCfg = Debug|Any CPU
		{505CE4A1-05D1-41A2-81BF-82B594FB339B}.Debug|Any CPU.Build.0 = Debug|Any CPU
		{505CE4A1-05D1-41A2-81BF-82B594FB339B}.Debug|x64.ActiveCfg = Debug|Any CPU
		{505CE4A1-05D1-41A2-81BF-82B594FB339B}.Debug|x64.Build.0 = Debug|Any CPU
		{505CE4A1-05D1-41A2-81BF-82B594FB339B}.Debug|x86.ActiveCfg = Debug|Any CPU
		{505CE4A1-05D1-41A2-81BF-82B594FB339B}.Debug|x86.Build.0 = Debug|Any CPU
		{505CE4A1-05D1-41A2-81BF-82B594FB339B}.Release|Any CPU.ActiveCfg = Release|Any CPU
		{505CE4A1-05D1-41A2-81BF-82B594FB339B}.Release|Any CPU.Build.0 = Release|Any CPU
		{505CE4A1-05D1-41A2-81BF-82B594FB339B}.Release|x64.ActiveCfg = Release|Any CPU
		{505CE4A1-05D1-41A2-81BF-82B594FB339B}.Release|x64.Build.0 = Release|Any CPU
		{505CE4A1-05D1-41A2-81BF-82B594FB339B}.Release|x86.ActiveCfg = Release|Any CPU
		{505CE4A1-05D1-41A2-81BF-82B594FB339B}.Release|x86.Build.0 = Release|Any CPU
		{A0166383-2FA0-4EB6-8580-AC893BD534B0}.Debug|Any CPU.ActiveCfg = Debug|Any CPU
		{A0166383-2FA0-4EB6-8580-AC893BD534B0}.Debug|Any CPU.Build.0 = Debug|Any CPU
		{A0166383-2FA0-4EB6-8580-AC893BD534B0}.Debug|x64.ActiveCfg = Debug|Any CPU
		{A0166383-2FA0-4EB6-8580-AC893BD534B0}.Debug|x64.Build.0 = Debug|Any CPU
		{A0166383-2FA0-4EB6-8580-AC893BD534B0}.Debug|x86.ActiveCfg = Debug|Any CPU
		{A0166383-2FA0-4EB6-8580-AC893BD534B0}.Debug|x86.Build.0 = Debug|Any CPU
		{A0166383-2FA0-4EB6-8580-AC893BD534B0}.Release|Any CPU.ActiveCfg = Release|Any CPU
		{A0166383-2FA0-4EB6-8580-AC893BD534B0}.Release|Any CPU.Build.0 = Release|Any CPU
		{A0166383-2FA0-4EB6-8580-AC893BD534B0}.Release|x64.ActiveCfg = Release|Any CPU
		{A0166383-2FA0-4EB6-8580-AC893BD534B0}.Release|x64.Build.0 = Release|Any CPU
		{A0166383-2FA0-4EB6-8580-AC893BD534B0}.Release|x86.ActiveCfg = Release|Any CPU
		{A0166383-2FA0-4EB6-8580-AC893BD534B0}.Release|x86.Build.0 = Release|Any CPU
		{13BCE091-56A3-469C-95A6-2ADA35B87DBE}.Debug|Any CPU.ActiveCfg = Debug|Any CPU
		{13BCE091-56A3-469C-95A6-2ADA35B87DBE}.Debug|Any CPU.Build.0 = Debug|Any CPU
		{13BCE091-56A3-469C-95A6-2ADA35B87DBE}.Debug|x64.ActiveCfg = Debug|Any CPU
		{13BCE091-56A3-469C-95A6-2ADA35B87DBE}.Debug|x64.Build.0 = Debug|Any CPU
		{13BCE091-56A3-469C-95A6-2ADA35B87DBE}.Debug|x86.ActiveCfg = Debug|Any CPU
		{13BCE091-56A3-469C-95A6-2ADA35B87DBE}.Debug|x86.Build.0 = Debug|Any CPU
		{13BCE091-56A3-469C-95A6-2ADA35B87DBE}.Release|Any CPU.ActiveCfg = Release|Any CPU
		{13BCE091-56A3-469C-95A6-2ADA35B87DBE}.Release|Any CPU.Build.0 = Release|Any CPU
		{13BCE091-56A3-469C-95A6-2ADA35B87DBE}.Release|x64.ActiveCfg = Release|Any CPU
		{13BCE091-56A3-469C-95A6-2ADA35B87DBE}.Release|x64.Build.0 = Release|Any CPU
		{13BCE091-56A3-469C-95A6-2ADA35B87DBE}.Release|x86.ActiveCfg = Release|Any CPU
		{13BCE091-56A3-469C-95A6-2ADA35B87DBE}.Release|x86.Build.0 = Release|Any CPU
		{17382770-C4D2-440E-9947-330A919EE44E}.Debug|Any CPU.ActiveCfg = Debug|Any CPU
		{17382770-C4D2-440E-9947-330A919EE44E}.Debug|Any CPU.Build.0 = Debug|Any CPU
		{17382770-C4D2-440E-9947-330A919EE44E}.Debug|x64.ActiveCfg = Debug|Any CPU
		{17382770-C4D2-440E-9947-330A919EE44E}.Debug|x64.Build.0 = Debug|Any CPU
		{17382770-C4D2-440E-9947-330A919EE44E}.Debug|x86.ActiveCfg = Debug|Any CPU
		{17382770-C4D2-440E-9947-330A919EE44E}.Debug|x86.Build.0 = Debug|Any CPU
		{17382770-C4D2-440E-9947-330A919EE44E}.Release|Any CPU.ActiveCfg = Release|Any CPU
		{17382770-C4D2-440E-9947-330A919EE44E}.Release|Any CPU.Build.0 = Release|Any CPU
		{17382770-C4D2-440E-9947-330A919EE44E}.Release|x64.ActiveCfg = Release|Any CPU
		{17382770-C4D2-440E-9947-330A919EE44E}.Release|x64.Build.0 = Release|Any CPU
		{17382770-C4D2-440E-9947-330A919EE44E}.Release|x86.ActiveCfg = Release|Any CPU
		{17382770-C4D2-440E-9947-330A919EE44E}.Release|x86.Build.0 = Release|Any CPU
	EndGlobalSection
	GlobalSection(NestedProjects) = preSolution
		{13BCE091-56A3-469C-95A6-2ADA35B87DBE} = {A62A1960-90DF-4F14-BA5C-270ACD453E02}
	EndGlobalSection
EndGlobal
